// !$*UTF8*$!
{
	archiveVersion = 1;
	classes = {
	};
	objectVersion = 51;
	objects = {

/* Begin PBXBuildFile section */
		08B122BC279DD3010021969C /* AppDelegate.swift in Sources */ = {isa = PBXBuildFile; fileRef = 08B122BB279DD3010021969C /* AppDelegate.swift */; };
		08B122BE279DD3010021969C /* SceneDelegate.swift in Sources */ = {isa = PBXBuildFile; fileRef = 08B122BD279DD3010021969C /* SceneDelegate.swift */; };
		08B122C0279DD3010021969C /* ViewController.swift in Sources */ = {isa = PBXBuildFile; fileRef = 08B122BF279DD3010021969C /* ViewController.swift */; };
		08B122C5279DD3040021969C /* Assets.xcassets in Resources */ = {isa = PBXBuildFile; fileRef = 08B122C4279DD3040021969C /* Assets.xcassets */; };
		08B122C8279DD3040021969C /* LaunchScreen.storyboard in Resources */ = {isa = PBXBuildFile; fileRef = 08B122C6279DD3040021969C /* LaunchScreen.storyboard */; };
		B95F85590C311704E9637C45 /* Pods_Timer_StopWatch.framework in Frameworks */ = {isa = PBXBuildFile; fileRef = FE0EAADF0DABA86B529350B6 /* Pods_Timer_StopWatch.framework */; };
/* End PBXBuildFile section */

/* Begin PBXFileReference section */
		08B122B8279DD3010021969C /* Timer-StopWatch.app */ = {isa = PBXFileReference; explicitFileType = wrapper.application; includeInIndex = 0; path = "Timer-StopWatch.app"; sourceTree = BUILT_PRODUCTS_DIR; };
		08B122BB279DD3010021969C /* AppDelegate.swift */ = {isa = PBXFileReference; lastKnownFileType = sourcecode.swift; path = AppDelegate.swift; sourceTree = "<group>"; };
		08B122BD279DD3010021969C /* SceneDelegate.swift */ = {isa = PBXFileReference; lastKnownFileType = sourcecode.swift; path = SceneDelegate.swift; sourceTree = "<group>"; };
		08B122BF279DD3010021969C /* ViewController.swift */ = {isa = PBXFileReference; lastKnownFileType = sourcecode.swift; path = ViewController.swift; sourceTree = "<group>"; };
		08B122C4279DD3040021969C /* Assets.xcassets */ = {isa = PBXFileReference; lastKnownFileType = folder.assetcatalog; path = Assets.xcassets; sourceTree = "<group>"; };
		08B122C7279DD3040021969C /* Base */ = {isa = PBXFileReference; lastKnownFileType = file.storyboard; name = Base; path = Base.lproj/LaunchScreen.storyboard; sourceTree = "<group>"; };
		08B122C9279DD3040021969C /* Info.plist */ = {isa = PBXFileReference; lastKnownFileType = text.plist.xml; path = Info.plist; sourceTree = "<group>"; };
		51E9C0BECE8032245AA2AEC7 /* Pods-Timer-StopWatch.release.xcconfig */ = {isa = PBXFileReference; includeInIndex = 1; lastKnownFileType = text.xcconfig; name = "Pods-Timer-StopWatch.release.xcconfig"; path = "Target Support Files/Pods-Timer-StopWatch/Pods-Timer-StopWatch.release.xcconfig"; sourceTree = "<group>"; };
		A6F5B4AC08113CF2536E65AB /* Pods-Timer-StopWatch.debug.xcconfig */ = {isa = PBXFileReference; includeInIndex = 1; lastKnownFileType = text.xcconfig; name = "Pods-Timer-StopWatch.debug.xcconfig"; path = "Target Support Files/Pods-Timer-StopWatch/Pods-Timer-StopWatch.debug.xcconfig"; sourceTree = "<group>"; };
		FE0EAADF0DABA86B529350B6 /* Pods_Timer_StopWatch.framework */ = {isa = PBXFileReference; explicitFileType = wrapper.framework; includeInIndex = 0; path = Pods_Timer_StopWatch.framework; sourceTree = BUILT_PRODUCTS_DIR; };
/* End PBXFileReference section */

/* Begin PBXFrameworksBuildPhase section */
		08B122B5279DD3010021969C /* Frameworks */ = {
			isa = PBXFrameworksBuildPhase;
			buildActionMask = 2147483647;
			files = (
				B95F85590C311704E9637C45 /* Pods_Timer_StopWatch.framework in Frameworks */,
			);
			runOnlyForDeploymentPostprocessing = 0;
		};
/* End PBXFrameworksBuildPhase section */

/* Begin PBXGroup section */
		08B122AF279DD3010021969C = {
			isa = PBXGroup;
			children = (
				08B122BA279DD3010021969C /* Timer-StopWatch */,
				08B122B9279DD3010021969C /* Products */,
				1776CEA1B95CB4A74B2589E8 /* Pods */,
				A4495EE42AA00A628C3BA8BE /* Frameworks */,
			);
			sourceTree = "<group>";
		};
		08B122B9279DD3010021969C /* Products */ = {
			isa = PBXGroup;
			children = (
				08B122B8279DD3010021969C /* Timer-StopWatch.app */,
			);
			name = Products;
			sourceTree = "<group>";
		};
		08B122BA279DD3010021969C /* Timer-StopWatch */ = {
			isa = PBXGroup;
			children = (
				08B122BB279DD3010021969C /* AppDelegate.swift */,
				08B122BD279DD3010021969C /* SceneDelegate.swift */,
				08B122BF279DD3010021969C /* ViewController.swift */,
				08B122C4279DD3040021969C /* Assets.xcassets */,
				08B122C6279DD3040021969C /* LaunchScreen.storyboard */,
				08B122C9279DD3040021969C /* Info.plist */,
			);
			path = "Timer-StopWatch";
			sourceTree = "<group>";
		};
		1776CEA1B95CB4A74B2589E8 /* Pods */ = {
			isa = PBXGroup;
			children = (
				A6F5B4AC08113CF2536E65AB /* Pods-Timer-StopWatch.debug.xcconfig */,
				51E9C0BECE8032245AA2AEC7 /* Pods-Timer-StopWatch.release.xcconfig */,
			);
			path = Pods;
			sourceTree = "<group>";
		};
		A4495EE42AA00A628C3BA8BE /* Frameworks */ = {
			isa = PBXGroup;
			children = (
				FE0EAADF0DABA86B529350B6 /* Pods_Timer_StopWatch.framework */,
			);
			name = Frameworks;
			sourceTree = "<group>";
		};
/* End PBXGroup section */

/* Begin PBXNativeTarget section */
		08B122B7279DD3010021969C /* Timer-StopWatch */ = {
			isa = PBXNativeTarget;
			buildConfigurationList = 08B122CC279DD3040021969C /* Build configuration list for PBXNativeTarget "Timer-StopWatch" */;
			buildPhases = (
				4B012BC9C25098F4BECE39B5 /* [CP] Check Pods Manifest.lock */,
				08B122B4279DD3010021969C /* Sources */,
				08B122B5279DD3010021969C /* Frameworks */,
				08B122B6279DD3010021969C /* Resources */,
				4F1E92C8AAF713BFF1E1C024 /* [CP] Embed Pods Frameworks */,
			);
			buildRules = (
			);
			dependencies = (
			);
			name = "Timer-StopWatch";
			productName = "Timer-StopWatch";
			productReference = 08B122B8279DD3010021969C /* Timer-StopWatch.app */;
			productType = "com.apple.product-type.application";
		};
/* End PBXNativeTarget section */

/* Begin PBXProject section */
		08B122B0279DD3010021969C /* Project object */ = {
			isa = PBXProject;
			attributes = {
				LastSwiftUpdateCheck = 1250;
				LastUpgradeCheck = 1250;
				TargetAttributes = {
					08B122B7279DD3010021969C = {
						CreatedOnToolsVersion = 12.5.1;
					};
				};
			};
			buildConfigurationList = 08B122B3279DD3010021969C /* Build configuration list for PBXProject "Timer-StopWatch" */;
			compatibilityVersion = "Xcode 9.3";
			developmentRegion = en;
			hasScannedForEncodings = 0;
			knownRegions = (
				en,
				Base,
			);
			mainGroup = 08B122AF279DD3010021969C;
			productRefGroup = 08B122B9279DD3010021969C /* Products */;
			projectDirPath = "";
			projectRoot = "";
			targets = (
				08B122B7279DD3010021969C /* Timer-StopWatch */,
			);
		};
/* End PBXProject section */

/* Begin PBXResourcesBuildPhase section */
		08B122B6279DD3010021969C /* Resources */ = {
			isa = PBXResourcesBuildPhase;
			buildActionMask = 2147483647;
			files = (
				08B122C8279DD3040021969C /* LaunchScreen.storyboard in Resources */,
				08B122C5279DD3040021969C /* Assets.xcassets in Resources */,
			);
			runOnlyForDeploymentPostprocessing = 0;
		};
/* End PBXResourcesBuildPhase section */

/* Begin PBXShellScriptBuildPhase section */
		4B012BC9C25098F4BECE39B5 /* [CP] Check Pods Manifest.lock */ = {
			isa = PBXShellScriptBuildPhase;
			buildActionMask = 2147483647;
			files = (
			);
			inputFileListPaths = (
			);
			inputPaths = (
				"${PODS_PODFILE_DIR_PATH}/Podfile.lock",
				"${PODS_ROOT}/Manifest.lock",
			);
			name = "[CP] Check Pods Manifest.lock";
			outputFileListPaths = (
			);
			outputPaths = (
				"$(DERIVED_FILE_DIR)/Pods-Timer-StopWatch-checkManifestLockResult.txt",
			);
			runOnlyForDeploymentPostprocessing = 0;
			shellPath = /bin/sh;
			shellScript = "diff \"${PODS_PODFILE_DIR_PATH}/Podfile.lock\" \"${PODS_ROOT}/Manifest.lock\" > /dev/null\nif [ $? != 0 ] ; then\n    # print error to STDERR\n    echo \"error: The sandbox is not in sync with the Podfile.lock. Run 'pod install' or update your CocoaPods installation.\" >&2\n    exit 1\nfi\n# This output is used by Xcode 'outputs' to avoid re-running this script phase.\necho \"SUCCESS\" > \"${SCRIPT_OUTPUT_FILE_0}\"\n";
			showEnvVarsInLog = 0;
		};
		4F1E92C8AAF713BFF1E1C024 /* [CP] Embed Pods Frameworks */ = {
			isa = PBXShellScriptBuildPhase;
			buildActionMask = 2147483647;
			files = (
			);
			inputFileListPaths = (
				"${PODS_ROOT}/Target Support Files/Pods-Timer-StopWatch/Pods-Timer-StopWatch-frameworks-${CONFIGURATION}-input-files.xcfilelist",
			);
			name = "[CP] Embed Pods Frameworks";
			outputFileListPaths = (
				"${PODS_ROOT}/Target Support Files/Pods-Timer-StopWatch/Pods-Timer-StopWatch-frameworks-${CONFIGURATION}-output-files.xcfilelist",
			);
			runOnlyForDeploymentPostprocessing = 0;
			shellPath = /bin/sh;
			shellScript = "\"${PODS_ROOT}/Target Support Files/Pods-Timer-StopWatch/Pods-Timer-StopWatch-frameworks.sh\"\n";
			showEnvVarsInLog = 0;
		};
/* End PBXShellScriptBuildPhase section */

/* Begin PBXSourcesBuildPhase section */
		08B122B4279DD3010021969C /* Sources */ = {
			isa = PBXSourcesBuildPhase;
			buildActionMask = 2147483647;
			files = (
				08B122C0279DD3010021969C /* ViewController.swift in Sources */,
				08B122BC279DD3010021969C /* AppDelegate.swift in Sources */,
				08B122BE279DD3010021969C /* SceneDelegate.swift in Sources */,
			);
			runOnlyForDeploymentPostprocessing = 0;
		};
/* End PBXSourcesBuildPhase section */

/* Begin PBXVariantGroup section */
		08B122C6279DD3040021969C /* LaunchScreen.storyboard */ = {
			isa = PBXVariantGroup;
			children = (
				08B122C7279DD3040021969C /* Base */,
			);
			name = LaunchScreen.storyboard;
			sourceTree = "<group>";
		};
/* End PBXVariantGroup section */

/* Begin XCBuildConfiguration section */
		08B122CA279DD3040021969C /* Debug */ = {
			isa = XCBuildConfiguration;
			buildSettings = {
				ALWAYS_SEARCH_USER_PATHS = NO;
				CLANG_ANALYZER_NONNULL = YES;
				CLANG_ANALYZER_NUMBER_OBJECT_CONVERSION = YES_AGGRESSIVE;
				CLANG_CXX_LANGUAGE_STANDARD = "gnu++14";
				CLANG_CXX_LIBRARY = "libc++";
				CLANG_ENABLE_MODULES = YES;
				CLANG_ENABLE_OBJC_ARC = YES;
				CLANG_ENABLE_OBJC_WEAK = YES;
				CLANG_WARN_BLOCK_CAPTURE_AUTORELEASING = YES;
				CLANG_WARN_BOOL_CONVERSION = YES;
				CLANG_WARN_COMMA = YES;
				CLANG_WARN_CONSTANT_CONVERSION = YES;
				CLANG_WARN_DEPRECATED_OBJC_IMPLEMENTATIONS = YES;
				CLANG_WARN_DIRECT_OBJC_ISA_USAGE = YES_ERROR;
				CLANG_WARN_DOCUMENTATION_COMMENTS = YES;
				CLANG_WARN_EMPTY_BODY = YES;
				CLANG_WARN_ENUM_CONVERSION = YES;
				CLANG_WARN_INFINITE_RECURSION = YES;
				CLANG_WARN_INT_CONVERSION = YES;
				CLANG_WARN_NON_LITERAL_NULL_CONVERSION = YES;
				CLANG_WARN_OBJC_IMPLICIT_RETAIN_SELF = YES;
				CLANG_WARN_OBJC_LITERAL_CONVERSION = YES;
				CLANG_WARN_OBJC_ROOT_CLASS = YES_ERROR;
				CLANG_WARN_QUOTED_INCLUDE_IN_FRAMEWORK_HEADER = YES;
				CLANG_WARN_RANGE_LOOP_ANALYSIS = YES;
				CLANG_WARN_STRICT_PROTOTYPES = YES;
				CLANG_WARN_SUSPICIOUS_MOVE = YES;
				CLANG_WARN_UNGUARDED_AVAILABILITY = YES_AGGRESSIVE;
				CLANG_WARN_UNREACHABLE_CODE = YES;
				CLANG_WARN__DUPLICATE_METHOD_MATCH = YES;
				COPY_PHASE_STRIP = NO;
				DEBUG_INFORMATION_FORMAT = dwarf;
				ENABLE_STRICT_OBJC_MSGSEND = YES;
				ENABLE_TESTABILITY = YES;
				GCC_C_LANGUAGE_STANDARD = gnu11;
				GCC_DYNAMIC_NO_PIC = NO;
				GCC_NO_COMMON_BLOCKS = YES;
				GCC_OPTIMIZATION_LEVEL = 0;
				GCC_PREPROCESSOR_DEFINITIONS = (
					"DEBUG=1",
					"$(inherited)",
				);
				GCC_WARN_64_TO_32_BIT_CONVERSION = YES;
				GCC_WARN_ABOUT_RETURN_TYPE = YES_ERROR;
				GCC_WARN_UNDECLARED_SELECTOR = YES;
				GCC_WARN_UNINITIALIZED_AUTOS = YES_AGGRESSIVE;
				GCC_WARN_UNUSED_FUNCTION = YES;
				GCC_WARN_UNUSED_VARIABLE = YES;
				IPHONEOS_DEPLOYMENT_TARGET = 14.5;
				MTL_ENABLE_DEBUG_INFO = INCLUDE_SOURCE;
				MTL_FAST_MATH = YES;
				ONLY_ACTIVE_ARCH = YES;
				SDKROOT = iphoneos;
				SWIFT_ACTIVE_COMPILATION_CONDITIONS = DEBUG;
				SWIFT_OPTIMIZATION_LEVEL = "-Onone";
			};
			name = Debug;
		};
		08B122CB279DD3040021969C /* Release */ = {
			isa = XCBuildConfiguration;
			buildSettings = {
				ALWAYS_SEARCH_USER_PATHS = NO;
				CLANG_ANALYZER_NONNULL = YES;
				CLANG_ANALYZER_NUMBER_OBJECT_CONVERSION = YES_AGGRESSIVE;
				CLANG_CXX_LANGUAGE_STANDARD = "gnu++14";
				CLANG_CXX_LIBRARY = "libc++";
				CLANG_ENABLE_MODULES = YES;
				CLANG_ENABLE_OBJC_ARC = YES;
				CLANG_ENABLE_OBJC_WEAK = YES;
				CLANG_WARN_BLOCK_CAPTURE_AUTORELEASING = YES;
				CLANG_WARN_BOOL_CONVERSION = YES;
				CLANG_WARN_COMMA = YES;
				CLANG_WARN_CONSTANT_CONVERSION = YES;
				CLANG_WARN_DEPRECATED_OBJC_IMPLEMENTATIONS = YES;
				CLANG_WARN_DIRECT_OBJC_ISA_USAGE = YES_ERROR;
				CLANG_WARN_DOCUMENTATION_COMMENTS = YES;
				CLANG_WARN_EMPTY_BODY = YES;
				CLANG_WARN_ENUM_CONVERSION = YES;
				CLANG_WARN_INFINITE_RECURSION = YES;
				CLANG_WARN_INT_CONVERSION = YES;
				CLANG_WARN_NON_LITERAL_NULL_CONVERSION = YES;
				CLANG_WARN_OBJC_IMPLICIT_RETAIN_SELF = YES;
				CLANG_WARN_OBJC_LITERAL_CONVERSION = YES;
				CLANG_WARN_OBJC_ROOT_CLASS = YES_ERROR;
				CLANG_WARN_QUOTED_INCLUDE_IN_FRAMEWORK_HEADER = YES;
				CLANG_WARN_RANGE_LOOP_ANALYSIS = YES;
				CLANG_WARN_STRICT_PROTOTYPES = YES;
				CLANG_WARN_SUSPICIOUS_MOVE = YES;
				CLANG_WARN_UNGUARDED_AVAILABILITY = YES_AGGRESSIVE;
				CLANG_WARN_UNREACHABLE_CODE = YES;
				CLANG_WARN__DUPLICATE_METHOD_MATCH = YES;
				COPY_PHASE_STRIP = NO;
				DEBUG_INFORMATION_FORMAT = "dwarf-with-dsym";
				ENABLE_NS_ASSERTIONS = NO;
				ENABLE_STRICT_OBJC_MSGSEND = YES;
				GCC_C_LANGUAGE_STANDARD = gnu11;
				GCC_NO_COMMON_BLOCKS = YES;
				GCC_WARN_64_TO_32_BIT_CONVERSION = YES;
				GCC_WARN_ABOUT_RETURN_TYPE = YES_ERROR;
				GCC_WARN_UNDECLARED_SELECTOR = YES;
				GCC_WARN_UNINITIALIZED_AUTOS = YES_AGGRESSIVE;
				GCC_WARN_UNUSED_FUNCTION = YES;
				GCC_WARN_UNUSED_VARIABLE = YES;
				IPHONEOS_DEPLOYMENT_TARGET = 14.5;
				MTL_ENABLE_DEBUG_INFO = NO;
				MTL_FAST_MATH = YES;
				SDKROOT = iphoneos;
				SWIFT_COMPILATION_MODE = wholemodule;
				SWIFT_OPTIMIZATION_LEVEL = "-O";
				VALIDATE_PRODUCT = YES;
			};
			name = Release;
		};
		08B122CD279DD3040021969C /* Debug */ = {
			isa = XCBuildConfiguration;
			baseConfigurationReference = A6F5B4AC08113CF2536E65AB /* Pods-Timer-StopWatch.debug.xcconfig */;
			buildSettings = {
				ASSETCATALOG_COMPILER_APPICON_NAME = AppIcon;
				ASSETCATALOG_COMPILER_GLOBAL_ACCENT_COLOR_NAME = AccentColor;
				CODE_SIGN_STYLE = Automatic;
				INFOPLIST_FILE = "Timer-StopWatch/Info.plist";
				LD_RUNPATH_SEARCH_PATHS = (
					"$(inherited)",
					"@executable_path/Frameworks",
				);
				PRODUCT_BUNDLE_IDENTIFIER = "com.esyfice.Timer-StopWatch";
				PRODUCT_NAME = "$(TARGET_NAME)";
				SWIFT_VERSION = 5.0;
				TARGETED_DEVICE_FAMILY = 1;
			};
			name = Debug;
		};
		08B122CE279DD3040021969C /* Release */ = {
			isa = XCBuildConfiguration;
			baseConfigurationReference = 51E9C0BECE8032245AA2AEC7 /* Pods-Timer-StopWatch.release.xcconfig */;
			buildSettings = {
				ASSETCATALOG_COMPILER_APPICON_NAME = AppIcon;
				ASSETCATALOG_COMPILER_GLOBAL_ACCENT_COLOR_NAME = AccentColor;
				CODE_SIGN_STYLE = Automatic;
				INFOPLIST_FILE = "Timer-StopWatch/Info.plist";
				LD_RUNPATH_SEARCH_PATHS = (
					"$(inherited)",
					"@executable_path/Frameworks",
				);
				PRODUCT_BUNDLE_IDENTIFIER = "com.esyfice.Timer-StopWatch";
				PRODUCT_NAME = "$(TARGET_NAME)";
				SWIFT_VERSION = 5.0;
				TARGETED_DEVICE_FAMILY = 1;
			};
			name = Release;
		};
/* End XCBuildConfiguration section */

/* Begin XCConfigurationList section */
		08B122B3279DD3010021969C /* Build configuration list for PBXProject "Timer-StopWatch" */ = {
			isa = XCConfigurationList;
			buildConfigurations = (
				08B122CA279DD3040021969C /* Debug */,
				08B122CB279DD3040021969C /* Release */,
			);
			defaultConfigurationIsVisible = 0;
			defaultConfigurationName = Release;
		};
		08B122CC279DD3040021969C /* Build configuration list for PBXNativeTarget "Timer-StopWatch" */ = {
			isa = XCConfigurationList;
			buildConfigurations = (
				08B122CD279DD3040021969C /* Debug */,
				08B122CE279DD3040021969C /* Release */,
			);
			defaultConfigurationIsVisible = 0;
			defaultConfigurationName = Release;
		};
/* End XCConfigurationList section */
	};
	rootObject = 08B122B0279DD3010021969C /* Project object */;
}
